
Microsoft Visual Studio Solution File, Format Version 11.00
# Visual Studio 2010
Project("{8BC9CEB8-8B4A-11D0-8D11-00A0C91BC942}") = "libherkulex", "libherkulex\libherkulex.vcxproj", "{EC1CDC90-0919-4544-8544-4286A77FA4CB}"
	ProjectSection(ProjectDependencies) = postProject
		{2BD60479-2407-4FE3-A444-B5EA86E9AAD6} = {2BD60479-2407-4FE3-A444-B5EA86E9AAD6}
	EndProjectSection
EndProject
Project("{8BC9CEB8-8B4A-11D0-8D11-00A0C91BC942}") = "SoftwareSerial", "..\ArduinoSerialWrapper\visual_studio\SoftwareSerial\SoftwareSerial.vcxproj", "{2BD60479-2407-4FE3-A444-B5EA86E9AAD6}"
	ProjectSection(ProjectDependencies) = postProject
		{A8517FB2-C74E-43BD-B3C6-B05D3FC11ECD} = {A8517FB2-C74E-43BD-B3C6-B05D3FC11ECD}
	EndProjectSection
EndProject
Project("{8BC9CEB8-8B4A-11D0-8D11-00A0C91BC942}") = "serial", "..\ArduinoSerialWrapper\serial\visual_studio\serial\serial.vcxproj", "{A8517FB2-C74E-43BD-B3C6-B05D3FC11ECD}"
EndProject
Global
	GlobalSection(SolutionConfigurationPlatforms) = preSolution
		Debug|Win32 = Debug|Win32
		Release|Win32 = Release|Win32
	EndGlobalSection
	GlobalSection(ProjectConfigurationPlatforms) = postSolution
		{EC1CDC90-0919-4544-8544-4286A77FA4CB}.Debug|Win32.ActiveCfg = Debug|Win32
		{EC1CDC90-0919-4544-8544-4286A77FA4CB}.Debug|Win32.Build.0 = Debug|Win32
		{EC1CDC90-0919-4544-8544-4286A77FA4CB}.Release|Win32.ActiveCfg = Release|Win32
		{EC1CDC90-0919-4544-8544-4286A77FA4CB}.Release|Win32.Build.0 = Release|Win32
		{2BD60479-2407-4FE3-A444-B5EA86E9AAD6}.Debug|Win32.ActiveCfg = Debug|Win32
		{2BD60479-2407-4FE3-A444-B5EA86E9AAD6}.Debug|Win32.Build.0 = Debug|Win32
		{2BD60479-2407-4FE3-A444-B5EA86E9AAD6}.Release|Win32.ActiveCfg = Release|Win32
		{2BD60479-2407-4FE3-A444-B5EA86E9AAD6}.Release|Win32.Build.0 = Release|Win32
		{A8517FB2-C74E-43BD-B3C6-B05D3FC11ECD}.Debug|Win32.ActiveCfg = Debug|Win32
		{A8517FB2-C74E-43BD-B3C6-B05D3FC11ECD}.Debug|Win32.Build.0 = Debug|Win32
		{A8517FB2-C74E-43BD-B3C6-B05D3FC11ECD}.Release|Win32.ActiveCfg = Release|Win32
		{A8517FB2-C74E-43BD-B3C6-B05D3FC11ECD}.Release|Win32.Build.0 = Release|Win32
	EndGlobalSection
	GlobalSection(SolutionProperties) = preSolution
		HideSolutionNode = FALSE
	EndGlobalSection
EndGlobal
